// !$*UTF8*$!
{
	archiveVersion = 1;
	classes = {
	};
	objectVersion = 50;
	objects = {

/* Begin PBXBuildFile section */
		CB760A58212958AC00794A92 /* AppDelegate.swift in Sources */ = {isa = PBXBuildFile; fileRef = CB760A57212958AC00794A92 /* AppDelegate.swift */; };
		CB760A5A212958AC00794A92 /* ViewController.swift in Sources */ = {isa = PBXBuildFile; fileRef = CB760A59212958AC00794A92 /* ViewController.swift */; };
		CB760A5D212958AC00794A92 /* Main.storyboard in Resources */ = {isa = PBXBuildFile; fileRef = CB760A5B212958AC00794A92 /* Main.storyboard */; };
		CB760A5F212958AC00794A92 /* Assets.xcassets in Resources */ = {isa = PBXBuildFile; fileRef = CB760A5E212958AC00794A92 /* Assets.xcassets */; };
		CB760A62212958AC00794A92 /* LaunchScreen.storyboard in Resources */ = {isa = PBXBuildFile; fileRef = CB760A60212958AC00794A92 /* LaunchScreen.storyboard */; };
		CB760A6A21295F2800794A92 /* GoogleService-Info.plist in Resources */ = {isa = PBXBuildFile; fileRef = CB760A6921295F2800794A92 /* GoogleService-Info.plist */; };
		CB760A6D2129609400794A92 /* FirebaseCore.framework in Frameworks */ = {isa = PBXBuildFile; fileRef = CB760A6C2129609400794A92 /* FirebaseCore.framework */; };
		E141E78425A4AC6AA5BB196D /* Pods_FizzyChat.framework in Frameworks */ = {isa = PBXBuildFile; fileRef = AB15753DAEEEFABE754B6C9C /* Pods_FizzyChat.framework */; };
/* End PBXBuildFile section */

/* Begin PBXFileReference section */
		AB15753DAEEEFABE754B6C9C /* Pods_FizzyChat.framework */ = {isa = PBXFileReference; explicitFileType = wrapper.framework; includeInIndex = 0; path = Pods_FizzyChat.framework; sourceTree = BUILT_PRODUCTS_DIR; };
		B653A91E00A54BF981A73439 /* Pods-FizzyChat.debug.xcconfig */ = {isa = PBXFileReference; includeInIndex = 1; lastKnownFileType = text.xcconfig; name = "Pods-FizzyChat.debug.xcconfig"; path = "Pods/Target Support Files/Pods-FizzyChat/Pods-FizzyChat.debug.xcconfig"; sourceTree = "<group>"; };
		CB760A54212958AC00794A92 /* FizzyChat.app */ = {isa = PBXFileReference; explicitFileType = wrapper.application; includeInIndex = 0; path = FizzyChat.app; sourceTree = BUILT_PRODUCTS_DIR; };
		CB760A57212958AC00794A92 /* AppDelegate.swift */ = {isa = PBXFileReference; lastKnownFileType = sourcecode.swift; path = AppDelegate.swift; sourceTree = "<group>"; };
		CB760A59212958AC00794A92 /* ViewController.swift */ = {isa = PBXFileReference; lastKnownFileType = sourcecode.swift; path = ViewController.swift; sourceTree = "<group>"; };
		CB760A5C212958AC00794A92 /* Base */ = {isa = PBXFileReference; lastKnownFileType = file.storyboard; name = Base; path = Base.lproj/Main.storyboard; sourceTree = "<group>"; };
		CB760A5E212958AC00794A92 /* Assets.xcassets */ = {isa = PBXFileReference; lastKnownFileType = folder.assetcatalog; path = Assets.xcassets; sourceTree = "<group>"; };
		CB760A61212958AC00794A92 /* Base */ = {isa = PBXFileReference; lastKnownFileType = file.storyboard; name = Base; path = Base.lproj/LaunchScreen.storyboard; sourceTree = "<group>"; };
		CB760A63212958AC00794A92 /* Info.plist */ = {isa = PBXFileReference; lastKnownFileType = text.plist.xml; path = Info.plist; sourceTree = "<group>"; };
		CB760A6921295F2800794A92 /* GoogleService-Info.plist */ = {isa = PBXFileReference; fileEncoding = 4; lastKnownFileType = text.plist.xml; name = "GoogleService-Info.plist"; path = "../../../../Downloads/GoogleService-Info.plist"; sourceTree = "<group>"; };
		CB760A6B2129601500794A92 /* Bridge.h */ = {isa = PBXFileReference; lastKnownFileType = sourcecode.c.h; path = Bridge.h; sourceTree = "<group>"; };
		CB760A6C2129609400794A92 /* FirebaseCore.framework */ = {isa = PBXFileReference; explicitFileType = wrapper.framework; path = FirebaseCore.framework; sourceTree = BUILT_PRODUCTS_DIR; };
		CE0C9BC4978FDC3C6404A9F7 /* Pods-FizzyChat.release.xcconfig */ = {isa = PBXFileReference; includeInIndex = 1; lastKnownFileType = text.xcconfig; name = "Pods-FizzyChat.release.xcconfig"; path = "Pods/Target Support Files/Pods-FizzyChat/Pods-FizzyChat.release.xcconfig"; sourceTree = "<group>"; };
/* End PBXFileReference section */

/* Begin PBXFrameworksBuildPhase section */
		CB760A51212958AC00794A92 /* Frameworks */ = {
			isa = PBXFrameworksBuildPhase;
			buildActionMask = 2147483647;
			files = (
				CB760A6D2129609400794A92 /* FirebaseCore.framework in Frameworks */,
				E141E78425A4AC6AA5BB196D /* Pods_FizzyChat.framework in Frameworks */,
			);
			runOnlyForDeploymentPostprocessing = 0;
		};
/* End PBXFrameworksBuildPhase section */

/* Begin PBXGroup section */
		9F4133FE395F2AEEA9543C18 /* Frameworks */ = {
			isa = PBXGroup;
			children = (
				CB760A6C2129609400794A92 /* FirebaseCore.framework */,
				AB15753DAEEEFABE754B6C9C /* Pods_FizzyChat.framework */,
			);
			name = Frameworks;
			sourceTree = "<group>";
		};
		CB760A4B212958AC00794A92 = {
			isa = PBXGroup;
			children = (
				CB760A56212958AC00794A92 /* FizzyChat */,
				CB760A55212958AC00794A92 /* Products */,
				F83548D33A89B3D8389B686A /* Pods */,
				9F4133FE395F2AEEA9543C18 /* Frameworks */,
			);
			sourceTree = "<group>";
		};
		CB760A55212958AC00794A92 /* Products */ = {
			isa = PBXGroup;
			children = (
				CB760A54212958AC00794A92 /* FizzyChat.app */,
			);
			name = Products;
			sourceTree = "<group>";
		};
		CB760A56212958AC00794A92 /* FizzyChat */ = {
			isa = PBXGroup;
			children = (
				CB760A57212958AC00794A92 /* AppDelegate.swift */,
				CB760A6921295F2800794A92 /* GoogleService-Info.plist */,
				CB760A59212958AC00794A92 /* ViewController.swift */,
				CB760A5B212958AC00794A92 /* Main.storyboard */,
				CB760A5E212958AC00794A92 /* Assets.xcassets */,
				CB760A60212958AC00794A92 /* LaunchScreen.storyboard */,
				CB760A63212958AC00794A92 /* Info.plist */,
				CB760A6B2129601500794A92 /* Bridge.h */,
			);
			path = FizzyChat;
			sourceTree = "<group>";
		};
		F83548D33A89B3D8389B686A /* Pods */ = {
			isa = PBXGroup;
			children = (
				B653A91E00A54BF981A73439 /* Pods-FizzyChat.debug.xcconfig */,
				CE0C9BC4978FDC3C6404A9F7 /* Pods-FizzyChat.release.xcconfig */,
			);
			name = Pods;
			sourceTree = "<group>";
		};
/* End PBXGroup section */

/* Begin PBXNativeTarget section */
		CB760A53212958AC00794A92 /* FizzyChat */ = {
			isa = PBXNativeTarget;
			buildConfigurationList = CB760A66212958AC00794A92 /* Build configuration list for PBXNativeTarget "FizzyChat" */;
			buildPhases = (
				76717F245E11004C4885D630 /* [CP] Check Pods Manifest.lock */,
				CB760A50212958AC00794A92 /* Sources */,
				CB760A51212958AC00794A92 /* Frameworks */,
				CB760A52212958AC00794A92 /* Resources */,
				10F5E113408B67D2F49032CE /* [CP] Embed Pods Frameworks */,
			);
			buildRules = (
			);
			dependencies = (
			);
			name = FizzyChat;
			productName = FizzyChat;
			productReference = CB760A54212958AC00794A92 /* FizzyChat.app */;
			productType = "com.apple.product-type.application";
		};
/* End PBXNativeTarget section */

/* Begin PBXProject section */
		CB760A4C212958AC00794A92 /* Project object */ = {
			isa = PBXProject;
			attributes = {
				LastSwiftUpdateCheck = 0940;
				LastUpgradeCheck = 0940;
				ORGANIZATIONNAME = Farzad;
				TargetAttributes = {
					CB760A53212958AC00794A92 = {
						CreatedOnToolsVersion = 9.4.1;
					};
				};
			};
			buildConfigurationList = CB760A4F212958AC00794A92 /* Build configuration list for PBXProject "FizzyChat" */;
			compatibilityVersion = "Xcode 9.3";
			developmentRegion = en;
			hasScannedForEncodings = 0;
			knownRegions = (
				en,
				Base,
			);
			mainGroup = CB760A4B212958AC00794A92;
			productRefGroup = CB760A55212958AC00794A92 /* Products */;
			projectDirPath = "";
			projectRoot = "";
			targets = (
				CB760A53212958AC00794A92 /* FizzyChat */,
			);
		};
/* End PBXProject section */

/* Begin PBXResourcesBuildPhase section */
		CB760A52212958AC00794A92 /* Resources */ = {
			isa = PBXResourcesBuildPhase;
			buildActionMask = 2147483647;
			files = (
				CB760A62212958AC00794A92 /* LaunchScreen.storyboard in Resources */,
				CB760A6A21295F2800794A92 /* GoogleService-Info.plist in Resources */,
				CB760A5F212958AC00794A92 /* Assets.xcassets in Resources */,
				CB760A5D212958AC00794A92 /* Main.storyboard in Resources */,
			);
			runOnlyForDeploymentPostprocessing = 0;
		};
/* End PBXResourcesBuildPhase section */

/* Begin PBXShellScriptBuildPhase section */
		10F5E113408B67D2F49032CE /* [CP] Embed Pods Frameworks */ = {
			isa = PBXShellScriptBuildPhase;
			buildActionMask = 2147483647;
			files = (
			);
			inputPaths = (
				"${SRCROOT}/Pods/Target Support Files/Pods-FizzyChat/Pods-FizzyChat-frameworks.sh",
				"${BUILT_PRODUCTS_DIR}/GoogleToolboxForMac/GoogleToolboxForMac.framework",
				"${BUILT_PRODUCTS_DIR}/nanopb/nanopb.framework",
			);
			name = "[CP] Embed Pods Frameworks";
			outputPaths = (
				"${TARGET_BUILD_DIR}/${FRAMEWORKS_FOLDER_PATH}/GoogleToolboxForMac.framework",
				"${TARGET_BUILD_DIR}/${FRAMEWORKS_FOLDER_PATH}/nanopb.framework",
			);
			runOnlyForDeploymentPostprocessing = 0;
			shellPath = /bin/sh;
			shellScript = "\"${SRCROOT}/Pods/Target Support Files/Pods-FizzyChat/Pods-FizzyChat-frameworks.sh\"\n";
			showEnvVarsInLog = 0;
		};
		76717F245E11004C4885D630 /* [CP] Check Pods Manifest.lock */ = {
			isa = PBXShellScriptBuildPhase;
			buildActionMask = 2147483647;
			files = (
			);
			inputPaths = (
				"${PODS_PODFILE_DIR_PATH}/Podfile.lock",
				"${PODS_ROOT}/Manifest.lock",
			);
			name = "[CP] Check Pods Manifest.lock";
			outputPaths = (
				"$(DERIVED_FILE_DIR)/Pods-FizzyChat-checkManifestLockResult.txt",
			);
			runOnlyForDeploymentPostprocessing = 0;
			shellPath = /bin/sh;
			shellScript = "diff \"${PODS_PODFILE_DIR_PATH}/Podfile.lock\" \"${PODS_ROOT}/Manifest.lock\" > /dev/null\nif [ $? != 0 ] ; then\n    # print error to STDERR\n    echo \"error: The sandbox is not in sync with the Podfile.lock. Run 'pod install' or update your CocoaPods installation.\" >&2\n    exit 1\nfi\n# This output is used by Xcode 'outputs' to avoid re-running this script phase.\necho \"SUCCESS\" > \"${SCRIPT_OUTPUT_FILE_0}\"\n";
			showEnvVarsInLog = 0;
		};
/* End PBXShellScriptBuildPhase section */

/* Begin PBXSourcesBuildPhase section */
		CB760A50212958AC00794A92 /* Sources */ = {
			isa = PBXSourcesBuildPhase;
			buildActionMask = 2147483647;
			files = (
				CB760A5A212958AC00794A92 /* ViewController.swift in Sources */,
				CB760A58212958AC00794A92 /* AppDelegate.swift in Sources */,
			);
			runOnlyForDeploymentPostprocessing = 0;
		};
/* End PBXSourcesBuildPhase section */

/* Begin PBXVariantGroup section */
		CB760A5B212958AC00794A92 /* Main.storyboard */ = {
			isa = PBXVariantGroup;
			children = (
				CB760A5C212958AC00794A92 /* Base */,
			);
			name = Main.storyboard;
			sourceTree = "<group>";
		};
		CB760A60212958AC00794A92 /* LaunchScreen.storyboard */ = {
			isa = PBXVariantGroup;
			children = (
				CB760A61212958AC00794A92 /* Base */,
			);
			name = LaunchScreen.storyboard;
			sourceTree = "<group>";
		};
/* End PBXVariantGroup section */

/* Begin XCBuildConfiguration section */
		CB760A64212958AC00794A92 /* Debug */ = {
			isa = XCBuildConfiguration;
			buildSettings = {
				ALWAYS_SEARCH_USER_PATHS = NO;
				CLANG_ANALYZER_NONNULL = YES;
				CLANG_ANALYZER_NUMBER_OBJECT_CONVERSION = YES_AGGRESSIVE;
				CLANG_CXX_LANGUAGE_STANDARD = "gnu++14";
				CLANG_CXX_LIBRARY = "libc++";
				CLANG_ENABLE_MODULES = YES;
				CLANG_ENABLE_OBJC_ARC = YES;
				CLANG_ENABLE_OBJC_WEAK = YES;
				CLANG_WARN_BLOCK_CAPTURE_AUTORELEASING = YES;
				CLANG_WARN_BOOL_CONVERSION = YES;
				CLANG_WARN_COMMA = YES;
				CLANG_WARN_CONSTANT_CONVERSION = YES;
				CLANG_WARN_DEPRECATED_OBJC_IMPLEMENTATIONS = YES;
				CLANG_WARN_DIRECT_OBJC_ISA_USAGE = YES_ERROR;
				CLANG_WARN_DOCUMENTATION_COMMENTS = YES;
				CLANG_WARN_EMPTY_BODY = YES;
				CLANG_WARN_ENUM_CONVERSION = YES;
				CLANG_WARN_INFINITE_RECURSION = YES;
				CLANG_WARN_INT_CONVERSION = YES;
				CLANG_WARN_NON_LITERAL_NULL_CONVERSION = YES;
				CLANG_WARN_OBJC_IMPLICIT_RETAIN_SELF = YES;
				CLANG_WARN_OBJC_LITERAL_CONVERSION = YES;
				CLANG_WARN_OBJC_ROOT_CLASS = YES_ERROR;
				CLANG_WARN_RANGE_LOOP_ANALYSIS = YES;
				CLANG_WARN_STRICT_PROTOTYPES = YES;
				CLANG_WARN_SUSPICIOUS_MOVE = YES;
				CLANG_WARN_UNGUARDED_AVAILABILITY = YES_AGGRESSIVE;
				CLANG_WARN_UNREACHABLE_CODE = YES;
				CLANG_WARN__DUPLICATE_METHOD_MATCH = YES;
				CODE_SIGN_IDENTITY = "iPhone Developer";
				COPY_PHASE_STRIP = NO;
				DEBUG_INFORMATION_FORMAT = dwarf;
				ENABLE_STRICT_OBJC_MSGSEND = YES;
				ENABLE_TESTABILITY = YES;
				GCC_C_LANGUAGE_STANDARD = gnu11;
				GCC_DYNAMIC_NO_PIC = NO;
				GCC_NO_COMMON_BLOCKS = YES;
				GCC_OPTIMIZATION_LEVEL = 0;
				GCC_PREPROCESSOR_DEFINITIONS = (
					"DEBUG=1",
					"$(inherited)",
				);
				GCC_WARN_64_TO_32_BIT_CONVERSION = YES;
				GCC_WARN_ABOUT_RETURN_TYPE = YES_ERROR;
				GCC_WARN_UNDECLARED_SELECTOR = YES;
				GCC_WARN_UNINITIALIZED_AUTOS = YES_AGGRESSIVE;
				GCC_WARN_UNUSED_FUNCTION = YES;
				GCC_WARN_UNUSED_VARIABLE = YES;
				IPHONEOS_DEPLOYMENT_TARGET = 11.4;
				MTL_ENABLE_DEBUG_INFO = YES;
				ONLY_ACTIVE_ARCH = YES;
				SDKROOT = iphoneos;
				SWIFT_ACTIVE_COMPILATION_CONDITIONS = DEBUG;
				SWIFT_OPTIMIZATION_LEVEL = "-Onone";
			};
			name = Debug;
		};
		CB760A65212958AC00794A92 /* Release */ = {
			isa = XCBuildConfiguration;
			buildSettings = {
				ALWAYS_SEARCH_USER_PATHS = NO;
				CLANG_ANALYZER_NONNULL = YES;
				CLANG_ANALYZER_NUMBER_OBJECT_CONVERSION = YES_AGGRESSIVE;
				CLANG_CXX_LANGUAGE_STANDARD = "gnu++14";
				CLANG_CXX_LIBRARY = "libc++";
				CLANG_ENABLE_MODULES = YES;
				CLANG_ENABLE_OBJC_ARC = YES;
				CLANG_ENABLE_OBJC_WEAK = YES;
				CLANG_WARN_BLOCK_CAPTURE_AUTORELEASING = YES;
				CLANG_WARN_BOOL_CONVERSION = YES;
				CLANG_WARN_COMMA = YES;
				CLANG_WARN_CONSTANT_CONVERSION = YES;
				CLANG_WARN_DEPRECATED_OBJC_IMPLEMENTATIONS = YES;
				CLANG_WARN_DIRECT_OBJC_ISA_USAGE = YES_ERROR;
				CLANG_WARN_DOCUMENTATION_COMMENTS = YES;
				CLANG_WARN_EMPTY_BODY = YES;
				CLANG_WARN_ENUM_CONVERSION = YES;
				CLANG_WARN_INFINITE_RECURSION = YES;
				CLANG_WARN_INT_CONVERSION = YES;
				CLANG_WARN_NON_LITERAL_NULL_CONVERSION = YES;
				CLANG_WARN_OBJC_IMPLICIT_RETAIN_SELF = YES;
				CLANG_WARN_OBJC_LITERAL_CONVERSION = YES;
				CLANG_WARN_OBJC_ROOT_CLASS = YES_ERROR;
				CLANG_WARN_RANGE_LOOP_ANALYSIS = YES;
				CLANG_WARN_STRICT_PROTOTYPES = YES;
				CLANG_WARN_SUSPICIOUS_MOVE = YES;
				CLANG_WARN_UNGUARDED_AVAILABILITY = YES_AGGRESSIVE;
				CLANG_WARN_UNREACHABLE_CODE = YES;
				CLANG_WARN__DUPLICATE_METHOD_MATCH = YES;
				CODE_SIGN_IDENTITY = "iPhone Developer";
				COPY_PHASE_STRIP = NO;
				DEBUG_INFORMATION_FORMAT = "dwarf-with-dsym";
				ENABLE_NS_ASSERTIONS = NO;
				ENABLE_STRICT_OBJC_MSGSEND = YES;
				GCC_C_LANGUAGE_STANDARD = gnu11;
				GCC_NO_COMMON_BLOCKS = YES;
				GCC_WARN_64_TO_32_BIT_CONVERSION = YES;
				GCC_WARN_ABOUT_RETURN_TYPE = YES_ERROR;
				GCC_WARN_UNDECLARED_SELECTOR = YES;
				GCC_WARN_UNINITIALIZED_AUTOS = YES_AGGRESSIVE;
				GCC_WARN_UNUSED_FUNCTION = YES;
				GCC_WARN_UNUSED_VARIABLE = YES;
				IPHONEOS_DEPLOYMENT_TARGET = 11.4;
				MTL_ENABLE_DEBUG_INFO = NO;
				SDKROOT = iphoneos;
				SWIFT_COMPILATION_MODE = wholemodule;
				SWIFT_OPTIMIZATION_LEVEL = "-O";
				VALIDATE_PRODUCT = YES;
			};
			name = Release;
		};
		CB760A67212958AC00794A92 /* Debug */ = {
			isa = XCBuildConfiguration;
			baseConfigurationReference = B653A91E00A54BF981A73439 /* Pods-FizzyChat.debug.xcconfig */;
			buildSettings = {
				ASSETCATALOG_COMPILER_APPICON_NAME = AppIcon;
				CODE_SIGN_STYLE = Automatic;
				DEVELOPMENT_TEAM = NM274J9JZR;
				INFOPLIST_FILE = FizzyChat/Info.plist;
				LD_RUNPATH_SEARCH_PATHS = (
					"$(inherited)",
					"@executable_path/Frameworks",
				);
				PRODUCT_BUNDLE_IDENTIFIER = com.fzamani.FizzyChat;
				PRODUCT_NAME = "$(TARGET_NAME)";
				SWIFT_VERSION = 4.0;
				TARGETED_DEVICE_FAMILY = "1,2";
			};
			name = Debug;
		};
		CB760A68212958AC00794A92 /* Release */ = {
			isa = XCBuildConfiguration;
			baseConfigurationReference = CE0C9BC4978FDC3C6404A9F7 /* Pods-FizzyChat.release.xcconfig */;
			buildSettings = {
				ASSETCATALOG_COMPILER_APPICON_NAME = AppIcon;
				CODE_SIGN_STYLE = Automatic;
				DEVELOPMENT_TEAM = NM274J9JZR;
				INFOPLIST_FILE = FizzyChat/Info.plist;
				LD_RUNPATH_SEARCH_PATHS = (
					"$(inherited)",
					"@executable_path/Frameworks",
				);
				PRODUCT_BUNDLE_IDENTIFIER = com.fzamani.FizzyChat;
				PRODUCT_NAME = "$(TARGET_NAME)";
				SWIFT_VERSION = 4.0;
				TARGETED_DEVICE_FAMILY = "1,2";
			};
			name = Release;
		};
/* End XCBuildConfiguration section */

/* Begin XCConfigurationList section */
		CB760A4F212958AC00794A92 /* Build configuration list for PBXProject "FizzyChat" */ = {
			isa = XCConfigurationList;
			buildConfigurations = (
				CB760A64212958AC00794A92 /* Debug */,
				CB760A65212958AC00794A92 /* Release */,
			);
			defaultConfigurationIsVisible = 0;
			defaultConfigurationName = Release;
		};
		CB760A66212958AC00794A92 /* Build configuration list for PBXNativeTarget "FizzyChat" */ = {
			isa = XCConfigurationList;
			buildConfigurations = (
				CB760A67212958AC00794A92 /* Debug */,
				CB760A68212958AC00794A92 /* Release */,
			);
			defaultConfigurationIsVisible = 0;
			defaultConfigurationName = Release;
		};
/* End XCConfigurationList section */
	};
	rootObject = CB760A4C212958AC00794A92 /* Project object */;
}
